
Microsoft Visual Studio Solution File, Format Version 12.00
# Visual Studio Version 17
VisualStudioVersion = 17.7.34031.279
MinimumVisualStudioVersion = 10.0.40219.1
Project("{2150E333-8FDC-42A3-9474-1A3956D46DE8}") = "Libraries", "Libraries", "{4CA8E840-2659-4298-9580-5FF57C3EA96E}"
EndProject
Project("{2150E333-8FDC-42A3-9474-1A3956D46DE8}") = "Apps", "Apps", "{A4438BDA-E4B0-4C08-BAB9-E7472466E981}"
EndProject
Project("{2150E333-8FDC-42A3-9474-1A3956D46DE8}") = "Tests", "Tests", "{FC5515EF-1C17-47F3-8E46-C7D97D0E37A5}"
EndProject
Project("{2150E333-8FDC-42A3-9474-1A3956D46DE8}") = "Utilities", "Utilities", "{9AE0B6D1-7332-40CF-97BC-1CF1CFB5B788}"
EndProject
Project("{2150E333-8FDC-42A3-9474-1A3956D46DE8}") = "API", "API", "{6193E197-C3FF-4E9A-97FE-927B2283697A}"
EndProject
Project("{9A19103F-16F7-4668-BE54-9A1E7A4F7556}") = "ARLeF.CoretorOrtografic.CLI", "Apps\ARLeF.CoretorOrtografic.CLI\ARLeF.CoretorOrtografic.CLI.csproj", "{2BDA5AEE-23A7-474C-97B0-8D9E8F0A347D}"
EndProject
Project("{9A19103F-16F7-4668-BE54-9A1E7A4F7556}") = "ARLeF.CoretorOrtografic.Core", "Libraries\ARLeF.CoretorOrtografic.Core\ARLeF.CoretorOrtografic.Core.csproj", "{4533FB2D-FBEB-454F-87ED-BA6D8D0C826F}"
EndProject
Project("{9A19103F-16F7-4668-BE54-9A1E7A4F7556}") = "ARLeF.CoretorOrtografic.Dictionaries", "Libraries\ARLeF.CoretorOrtografic.Dictionaries\ARLeF.CoretorOrtografic.Dictionaries.csproj", "{FAE0D383-0D09-4C67-8E54-915883A24549}"
EndProject
Project("{9A19103F-16F7-4668-BE54-9A1E7A4F7556}") = "ARLeF.CoretorOrtografic.Infrastructure", "Libraries\ARLeF.CoretorOrtografic.Infrastructure\ARLeF.CoretorOrtografic.Infrastructure.csproj", "{AED8F65A-C9AD-4E87-856A-4C75A204BA3E}"
EndProject
Project("{9A19103F-16F7-4668-BE54-9A1E7A4F7556}") = "ARLeF.CoretorOrtografic.Tests", "Tests\ARLeF.CoretorOrtografic.Tests\ARLeF.CoretorOrtografic.Tests.csproj", "{368C5C52-BD76-4E39-87EE-091BC57B98E3}"
EndProject
Project("{9A19103F-16F7-4668-BE54-9A1E7A4F7556}") = "ARLeF.CoretorOrtografic.DatabaseMigrator", "Utilities\ARLeF.CoretorOrtografic.DatabaseMigrator\ARLeF.CoretorOrtografic.DatabaseMigrator.csproj", "{23F06435-E1B2-47AC-AE9D-E45F474E85F8}"
EndProject
Project("{9A19103F-16F7-4668-BE54-9A1E7A4F7556}") = "ARLeF.CoretorOrtografic.API", "API\ARLeF.CoretorOrtografic.API\ARLeF.CoretorOrtografic.API.csproj", "{925743F0-1C6F-423D-A6E2-66783750519D}"
EndProject
Global
	GlobalSection(SolutionConfigurationPlatforms) = preSolution
		Debug|Any CPU = Debug|Any CPU
		Release|Any CPU = Release|Any CPU
	EndGlobalSection
	GlobalSection(ProjectConfigurationPlatforms) = postSolution
		{2BDA5AEE-23A7-474C-97B0-8D9E8F0A347D}.Debug|Any CPU.ActiveCfg = Debug|Any CPU
		{2BDA5AEE-23A7-474C-97B0-8D9E8F0A347D}.Debug|Any CPU.Build.0 = Debug|Any CPU
		{2BDA5AEE-23A7-474C-97B0-8D9E8F0A347D}.Release|Any CPU.ActiveCfg = Release|Any CPU
		{2BDA5AEE-23A7-474C-97B0-8D9E8F0A347D}.Release|Any CPU.Build.0 = Release|Any CPU
		{4533FB2D-FBEB-454F-87ED-BA6D8D0C826F}.Debug|Any CPU.ActiveCfg = Debug|Any CPU
		{4533FB2D-FBEB-454F-87ED-BA6D8D0C826F}.Debug|Any CPU.Build.0 = Debug|Any CPU
		{4533FB2D-FBEB-454F-87ED-BA6D8D0C826F}.Release|Any CPU.ActiveCfg = Release|Any CPU
		{4533FB2D-FBEB-454F-87ED-BA6D8D0C826F}.Release|Any CPU.Build.0 = Release|Any CPU
		{FAE0D383-0D09-4C67-8E54-915883A24549}.Debug|Any CPU.ActiveCfg = Debug|Any CPU
		{FAE0D383-0D09-4C67-8E54-915883A24549}.Debug|Any CPU.Build.0 = Debug|Any CPU
		{FAE0D383-0D09-4C67-8E54-915883A24549}.Release|Any CPU.ActiveCfg = Release|Any CPU
		{FAE0D383-0D09-4C67-8E54-915883A24549}.Release|Any CPU.Build.0 = Release|Any CPU
		{AED8F65A-C9AD-4E87-856A-4C75A204BA3E}.Debug|Any CPU.ActiveCfg = Debug|Any CPU
		{AED8F65A-C9AD-4E87-856A-4C75A204BA3E}.Debug|Any CPU.Build.0 = Debug|Any CPU
		{AED8F65A-C9AD-4E87-856A-4C75A204BA3E}.Release|Any CPU.ActiveCfg = Release|Any CPU
		{AED8F65A-C9AD-4E87-856A-4C75A204BA3E}.Release|Any CPU.Build.0 = Release|Any CPU
		{368C5C52-BD76-4E39-87EE-091BC57B98E3}.Debug|Any CPU.ActiveCfg = Debug|Any CPU
		{368C5C52-BD76-4E39-87EE-091BC57B98E3}.Debug|Any CPU.Build.0 = Debug|Any CPU
		{368C5C52-BD76-4E39-87EE-091BC57B98E3}.Release|Any CPU.ActiveCfg = Release|Any CPU
		{368C5C52-BD76-4E39-87EE-091BC57B98E3}.Release|Any CPU.Build.0 = Release|Any CPU
		{23F06435-E1B2-47AC-AE9D-E45F474E85F8}.Debug|Any CPU.ActiveCfg = Debug|Any CPU
		{23F06435-E1B2-47AC-AE9D-E45F474E85F8}.Debug|Any CPU.Build.0 = Debug|Any CPU
		{23F06435-E1B2-47AC-AE9D-E45F474E85F8}.Release|Any CPU.ActiveCfg = Release|Any CPU
		{23F06435-E1B2-47AC-AE9D-E45F474E85F8}.Release|Any CPU.Build.0 = Release|Any CPU
		{925743F0-1C6F-423D-A6E2-66783750519D}.Debug|Any CPU.ActiveCfg = Debug|Any CPU
		{925743F0-1C6F-423D-A6E2-66783750519D}.Debug|Any CPU.Build.0 = Debug|Any CPU
		{925743F0-1C6F-423D-A6E2-66783750519D}.Release|Any CPU.ActiveCfg = Release|Any CPU
		{925743F0-1C6F-423D-A6E2-66783750519D}.Release|Any CPU.Build.0 = Release|Any CPU
	EndGlobalSection
	GlobalSection(SolutionProperties) = preSolution
		HideSolutionNode = FALSE
	EndGlobalSection
	GlobalSection(NestedProjects) = preSolution
		{2BDA5AEE-23A7-474C-97B0-8D9E8F0A347D} = {A4438BDA-E4B0-4C08-BAB9-E7472466E981}
		{4533FB2D-FBEB-454F-87ED-BA6D8D0C826F} = {4CA8E840-2659-4298-9580-5FF57C3EA96E}
		{FAE0D383-0D09-4C67-8E54-915883A24549} = {4CA8E840-2659-4298-9580-5FF57C3EA96E}
		{AED8F65A-C9AD-4E87-856A-4C75A204BA3E} = {4CA8E840-2659-4298-9580-5FF57C3EA96E}
		{368C5C52-BD76-4E39-87EE-091BC57B98E3} = {FC5515EF-1C17-47F3-8E46-C7D97D0E37A5}
		{23F06435-E1B2-47AC-AE9D-E45F474E85F8} = {9AE0B6D1-7332-40CF-97BC-1CF1CFB5B788}
		{925743F0-1C6F-423D-A6E2-66783750519D} = {6193E197-C3FF-4E9A-97FE-927B2283697A}
	EndGlobalSection
	GlobalSection(ExtensibilityGlobals) = postSolution
		SolutionGuid = {C7CD579A-3C38-46ED-9B66-6AC69985CBB8}
	EndGlobalSection
	GlobalSection(MonoDevelopProperties) = preSolution
		outputpath = Build
	EndGlobalSection
EndGlobal
