
Microsoft Visual Studio Solution File, Format Version 12.00
# Visual Studio Version 16
VisualStudioVersion = 16.0.30804.86
MinimumVisualStudioVersion = 10.0.40219.1
Project("{2150E333-8FDC-42A3-9474-1A3956D46DE8}") = "Libraries", "Libraries", "{4CA8E840-2659-4298-9580-5FF57C3EA96E}"
EndProject
Project("{2150E333-8FDC-42A3-9474-1A3956D46DE8}") = "Apps", "Apps", "{A4438BDA-E4B0-4C08-BAB9-E7472466E981}"
EndProject
Project("{9A19103F-16F7-4668-BE54-9A1E7A4F7556}") = "ARLeF.Struments.CoretorOrtografic.CLI", "apps\ARLeF.Struments.CoretorOrtografic.CLI\ARLeF.Struments.CoretorOrtografic.CLI.csproj", "{26D153CC-6B10-4D5F-BCDE-04F8D02E3611}"
EndProject
Project("{2150E333-8FDC-42A3-9474-1A3956D46DE8}") = "Tests", "Tests", "{FC5515EF-1C17-47F3-8E46-C7D97D0E37A5}"
EndProject
Project("{9A19103F-16F7-4668-BE54-9A1E7A4F7556}") = "ARLeF.Struments.CoretorOrtografic.Tests", "tests\ARLeF.Struments.CoretorOrtografic.Tests\ARLeF.Struments.CoretorOrtografic.Tests.csproj", "{D3431997-28F4-4155-8F9D-DD62CF5F49BA}"
EndProject
Project("{FAE04EC0-301F-11D3-BF4B-00C04F79EFBC}") = "ARLeF.Struments.CoretorOrtografic.Dictionaries", "Libraries\ARLeF.Struments.CoretorOrtografic.Dictionaries\ARLeF.Struments.CoretorOrtografic.Dictionaries.csproj", "{7AD94DA6-9774-43F5-942E-B4FABAAB4DE4}"
EndProject
Project("{2150E333-8FDC-42A3-9474-1A3956D46DE8}") = "Scripts", "Scripts", "{3CFD357F-50D1-4E92-B2A0-71B28C1A2671}"
EndProject
Project("{2150E333-8FDC-42A3-9474-1A3956D46DE8}") = "macOS", "macOS", "{BAD4C009-211D-4056-AE20-DA39FD9E54E3}"
	ProjectSection(SolutionItems) = preProject
		Scripts\UnzipFiles.sh = Scripts\UnzipFiles.sh
		Scripts\ZipFiles.sh = Scripts\ZipFiles.sh
	EndProjectSection
EndProject
Project("{FAE04EC0-301F-11D3-BF4B-00C04F79EFBC}") = "ARLeF.Struments.CoretorOrtografic.Core", "Libraries\ARLeF.Struments.CoretorOrtografic.Core\ARLeF.Struments.CoretorOrtografic.Core.csproj", "{DD44BC76-A9F3-42BF-982F-F4D26347249D}"
EndProject
Project("{FAE04EC0-301F-11D3-BF4B-00C04F79EFBC}") = "ARLeF.Struments.CoretorOrtografic.Infrastructure", "Libraries\ARLeF.Struments.CoretorOrtografic.Infrastructure\ARLeF.Struments.CoretorOrtografic.Infrastructure.csproj", "{C9E6D5DC-3891-4149-BA88-E315F0680D33}"
EndProject
Project("{FAE04EC0-301F-11D3-BF4B-00C04F79EFBC}") = "ARLeF.Struments.CoretorOrtografic.DesktopElectron", "Apps\ARLeF.Struments.CoretorOrtografic.DesktopElectron\ARLeF.Struments.CoretorOrtografic.DesktopElectron.csproj", "{6E5B41CE-EA34-437F-B397-3B32DEE6AB75}"
EndProject
Project("{2150E333-8FDC-42A3-9474-1A3956D46DE8}") = "Utilities", "Utilities", "{9AE0B6D1-7332-40CF-97BC-1CF1CFB5B788}"
EndProject
Project("{FAE04EC0-301F-11D3-BF4B-00C04F79EFBC}") = "ARLeF.Imprescj.DatabaseMigrator", "Utilities\ARLeF.Imprescj.DatabaseMigrator\ARLeF.Imprescj.DatabaseMigrator.csproj", "{61C03585-4F46-4861-8075-F6A8FB42846A}"
EndProject
Global
	GlobalSection(SolutionConfigurationPlatforms) = preSolution
		Debug|Any CPU = Debug|Any CPU
		Release|Any CPU = Release|Any CPU
	EndGlobalSection
	GlobalSection(ProjectConfigurationPlatforms) = postSolution
		{26D153CC-6B10-4D5F-BCDE-04F8D02E3611}.Debug|Any CPU.ActiveCfg = Debug|Any CPU
		{26D153CC-6B10-4D5F-BCDE-04F8D02E3611}.Debug|Any CPU.Build.0 = Debug|Any CPU
		{26D153CC-6B10-4D5F-BCDE-04F8D02E3611}.Release|Any CPU.ActiveCfg = Release|Any CPU
		{26D153CC-6B10-4D5F-BCDE-04F8D02E3611}.Release|Any CPU.Build.0 = Release|Any CPU
		{D3431997-28F4-4155-8F9D-DD62CF5F49BA}.Debug|Any CPU.ActiveCfg = Debug|Any CPU
		{D3431997-28F4-4155-8F9D-DD62CF5F49BA}.Debug|Any CPU.Build.0 = Debug|Any CPU
		{D3431997-28F4-4155-8F9D-DD62CF5F49BA}.Release|Any CPU.ActiveCfg = Release|Any CPU
		{D3431997-28F4-4155-8F9D-DD62CF5F49BA}.Release|Any CPU.Build.0 = Release|Any CPU
		{7AD94DA6-9774-43F5-942E-B4FABAAB4DE4}.Debug|Any CPU.ActiveCfg = Debug|Any CPU
		{7AD94DA6-9774-43F5-942E-B4FABAAB4DE4}.Debug|Any CPU.Build.0 = Debug|Any CPU
		{7AD94DA6-9774-43F5-942E-B4FABAAB4DE4}.Release|Any CPU.ActiveCfg = Release|Any CPU
		{7AD94DA6-9774-43F5-942E-B4FABAAB4DE4}.Release|Any CPU.Build.0 = Release|Any CPU
		{DD44BC76-A9F3-42BF-982F-F4D26347249D}.Debug|Any CPU.ActiveCfg = Debug|Any CPU
		{DD44BC76-A9F3-42BF-982F-F4D26347249D}.Debug|Any CPU.Build.0 = Debug|Any CPU
		{DD44BC76-A9F3-42BF-982F-F4D26347249D}.Release|Any CPU.ActiveCfg = Release|Any CPU
		{DD44BC76-A9F3-42BF-982F-F4D26347249D}.Release|Any CPU.Build.0 = Release|Any CPU
		{C9E6D5DC-3891-4149-BA88-E315F0680D33}.Debug|Any CPU.ActiveCfg = Debug|Any CPU
		{C9E6D5DC-3891-4149-BA88-E315F0680D33}.Debug|Any CPU.Build.0 = Debug|Any CPU
		{C9E6D5DC-3891-4149-BA88-E315F0680D33}.Release|Any CPU.ActiveCfg = Release|Any CPU
		{C9E6D5DC-3891-4149-BA88-E315F0680D33}.Release|Any CPU.Build.0 = Release|Any CPU
		{6E5B41CE-EA34-437F-B397-3B32DEE6AB75}.Debug|Any CPU.ActiveCfg = Debug|Any CPU
		{6E5B41CE-EA34-437F-B397-3B32DEE6AB75}.Debug|Any CPU.Build.0 = Debug|Any CPU
		{6E5B41CE-EA34-437F-B397-3B32DEE6AB75}.Release|Any CPU.ActiveCfg = Release|Any CPU
		{6E5B41CE-EA34-437F-B397-3B32DEE6AB75}.Release|Any CPU.Build.0 = Release|Any CPU
		{61C03585-4F46-4861-8075-F6A8FB42846A}.Debug|Any CPU.ActiveCfg = Debug|Any CPU
		{61C03585-4F46-4861-8075-F6A8FB42846A}.Debug|Any CPU.Build.0 = Debug|Any CPU
		{61C03585-4F46-4861-8075-F6A8FB42846A}.Release|Any CPU.ActiveCfg = Release|Any CPU
		{61C03585-4F46-4861-8075-F6A8FB42846A}.Release|Any CPU.Build.0 = Release|Any CPU
	EndGlobalSection
	GlobalSection(SolutionProperties) = preSolution
		HideSolutionNode = FALSE
	EndGlobalSection
	GlobalSection(NestedProjects) = preSolution
		{26D153CC-6B10-4D5F-BCDE-04F8D02E3611} = {A4438BDA-E4B0-4C08-BAB9-E7472466E981}
		{D3431997-28F4-4155-8F9D-DD62CF5F49BA} = {FC5515EF-1C17-47F3-8E46-C7D97D0E37A5}
		{7AD94DA6-9774-43F5-942E-B4FABAAB4DE4} = {4CA8E840-2659-4298-9580-5FF57C3EA96E}
		{BAD4C009-211D-4056-AE20-DA39FD9E54E3} = {3CFD357F-50D1-4E92-B2A0-71B28C1A2671}
		{DD44BC76-A9F3-42BF-982F-F4D26347249D} = {4CA8E840-2659-4298-9580-5FF57C3EA96E}
		{C9E6D5DC-3891-4149-BA88-E315F0680D33} = {4CA8E840-2659-4298-9580-5FF57C3EA96E}
		{6E5B41CE-EA34-437F-B397-3B32DEE6AB75} = {A4438BDA-E4B0-4C08-BAB9-E7472466E981}
		{61C03585-4F46-4861-8075-F6A8FB42846A} = {9AE0B6D1-7332-40CF-97BC-1CF1CFB5B788}
	EndGlobalSection
	GlobalSection(ExtensibilityGlobals) = postSolution
		SolutionGuid = {C7CD579A-3C38-46ED-9B66-6AC69985CBB8}
	EndGlobalSection
	GlobalSection(MonoDevelopProperties) = preSolution
		outputpath = Build
	EndGlobalSection
EndGlobal
